
Microsoft Visual Studio Solution File, Format Version 12.00
# Visual Studio Version 17
VisualStudioVersion = 17.3.32929.385
MinimumVisualStudioVersion = 10.0.40219.1
Project("{FAE04EC0-301F-11D3-BF4B-00C04F79EFBC}") = "DollarToBath_Project", "DollarToBath_Project\DollarToBath_Project.csproj", "{65018FCF-459D-4E83-8BCA-05954E740811}"
EndProject
Global
	GlobalSection(SolutionConfigurationPlatforms) = preSolution
		Debug|Any CPU = Debug|Any CPU
		Release|Any CPU = Release|Any CPU
	EndGlobalSection
	GlobalSection(ProjectConfigurationPlatforms) = postSolution
		{65018FCF-459D-4E83-8BCA-05954E740811}.Debug|Any CPU.ActiveCfg = Debug|Any CPU
		{65018FCF-459D-4E83-8BCA-05954E740811}.Debug|Any CPU.Build.0 = Debug|Any CPU
		{65018FCF-459D-4E83-8BCA-05954E740811}.Release|Any CPU.ActiveCfg = Release|Any CPU
		{65018FCF-459D-4E83-8BCA-05954E740811}.Release|Any CPU.Build.0 = Release|Any CPU
	EndGlobalSection
	GlobalSection(SolutionProperties) = preSolution
		HideSolutionNode = FALSE
	EndGlobalSection
	GlobalSection(ExtensibilityGlobals) = postSolution
		SolutionGuid = {9FC65B9D-F6D1-482E-96C5-63000CD22DD1}
	EndGlobalSection
EndGlobal
